
Microsoft Visual Studio Solution File, Format Version 12.00
# Visual Studio 15
Project("{8BC9CEB8-8B4A-11D0-8D11-00A0C91BC942}") = "ALL_BUILD", "ALL_BUILD.vcxproj", "{8CF4DDC2-0A0D-3F82-B023-2826E7490D05}"
	ProjectSection(ProjectDependencies) = postProject
		{548E04C2-DFC3-3EBB-930B-6624C3298A22} = {548E04C2-DFC3-3EBB-930B-6624C3298A22}
		{0B1FB0FA-59CB-36D6-B0C8-88F7688A8781} = {0B1FB0FA-59CB-36D6-B0C8-88F7688A8781}
	EndProjectSection
EndProject
Project("{8BC9CEB8-8B4A-11D0-8D11-00A0C91BC942}") = "ZERO_CHECK", "..\\ZERO_CHECK.vcxproj", "{548E04C2-DFC3-3EBB-930B-6624C3298A22}"
	ProjectSection(ProjectDependencies) = postProject
	EndProjectSection
EndProject
Project("{8BC9CEB8-8B4A-11D0-8D11-00A0C91BC942}") = "speech", "speech.vcxproj", "{0B1FB0FA-59CB-36D6-B0C8-88F7688A8781}"
	ProjectSection(ProjectDependencies) = postProject
		{548E04C2-DFC3-3EBB-930B-6624C3298A22} = {548E04C2-DFC3-3EBB-930B-6624C3298A22}
	EndProjectSection
EndProject
Global
	GlobalSection(SolutionConfigurationPlatforms) = preSolution
		Release|x64 = Release|x64
	EndGlobalSection
	GlobalSection(ProjectConfigurationPlatforms) = postSolution
		{8CF4DDC2-0A0D-3F82-B023-2826E7490D05}.Release|x64.ActiveCfg = Release|x64
		{548E04C2-DFC3-3EBB-930B-6624C3298A22}.Release|x64.ActiveCfg = Release|x64
		{548E04C2-DFC3-3EBB-930B-6624C3298A22}.Release|x64.Build.0 = Release|x64
		{0B1FB0FA-59CB-36D6-B0C8-88F7688A8781}.Release|x64.ActiveCfg = Release|x64
		{0B1FB0FA-59CB-36D6-B0C8-88F7688A8781}.Release|x64.Build.0 = Release|x64
	EndGlobalSection
	GlobalSection(ExtensibilityGlobals) = postSolution
		SolutionGuid = {DC7D74B0-4FB5-34DB-BE52-F9386B2E7F31}
	EndGlobalSection
	GlobalSection(ExtensibilityAddIns) = postSolution
	EndGlobalSection
EndGlobal
